lockfileVersion: '9.0'

settings:
  autoInstallPeers: true
  excludeLinksFromLockfile: false

importers:

  .:
    dependencies:
      '@types/hjson':
        specifier: ^2.4.6
        version: 2.4.6
      hjson:
        specifier: ^3.2.2
        version: 3.2.2
      uuid:
        specifier: ^11.0.3
        version: 11.0.3

packages:

  '@types/hjson@2.4.6':
    resolution: {integrity: sha512-tEQ4hlyKfsb9WWeueUY5eRnU2eK+KdE0eofSpQ05v9Aah4VvWwIRIid/ZN1zZZ0TfeVTRDgabKKqKZXEkfD3Sw==}

  hjson@3.2.2:
    resolution: {integrity: sha512-MkUeB0cTIlppeSsndgESkfFD21T2nXPRaBStLtf3cAYA2bVEFdXlodZB0TukwZiobPD1Ksax5DK4RTZeaXCI3Q==}
    hasBin: true

  uuid@11.0.3:
    resolution: {integrity: sha512-d0z310fCWv5dJwnX1Y/MncBAqGMKEzlBb1AOf7z9K8ALnd0utBX/msg/fA0+sbyN1ihbMsLhrBlnl1ak7Wa0rg==}
    hasBin: true

snapshots:

  '@types/hjson@2.4.6': {}

  hjson@3.2.2: {}

  uuid@11.0.3: {}
